
Microsoft Visual Studio Solution File, Format Version 12.00
# Visual Studio 2013
VisualStudioVersion = 12.0.30723.0
MinimumVisualStudioVersion = 10.0.40219.1
Project("{FAE04EC0-301F-11D3-BF4B-00C04F79EFBC}") = "00001", "00001\00001.csproj", "{8234C459-E464-432C-95B3-D7F2C8C8BC01}"
EndProject
Project("{FAE04EC0-301F-11D3-BF4B-00C04F79EFBC}") = "00002", "00002\00002.csproj", "{5B8DA856-2103-41E8-BCF6-1D5F0C16D813}"
EndProject
Project("{FAE04EC0-301F-11D3-BF4B-00C04F79EFBC}") = "00003", "00003\00003.csproj", "{CC9F29FE-0713-40FE-B406-C0FC462143EA}"
EndProject
Project("{FAE04EC0-301F-11D3-BF4B-00C04F79EFBC}") = "00004", "00004\00004.csproj", "{5E0A15A3-1584-449A-9914-F2E3A5D3EA88}"
EndProject
Project("{FAE04EC0-301F-11D3-BF4B-00C04F79EFBC}") = "00005", "00005\00005.csproj", "{B45C0FBF-521E-416E-A771-C1A8BB135C78}"
EndProject
Project("{FAE04EC0-301F-11D3-BF4B-00C04F79EFBC}") = "00006", "00006\00006.csproj", "{BEE482CC-163D-419C-BE3D-BBEAD807109A}"
EndProject
Project("{FAE04EC0-301F-11D3-BF4B-00C04F79EFBC}") = "00007", "00007\00007.csproj", "{2A443335-6DB2-487B-9E4A-17DF7132FC03}"
EndProject
Project("{FAE04EC0-301F-11D3-BF4B-00C04F79EFBC}") = "00008", "00008\00008.csproj", "{044FAF8A-6D3F-47D0-9555-F519C1BA9889}"
EndProject
Project("{FAE04EC0-301F-11D3-BF4B-00C04F79EFBC}") = "00009", "00009\00009.csproj", "{948AE404-EA61-4E3F-9C2D-1258D6E24A77}"
EndProject
Project("{FAE04EC0-301F-11D3-BF4B-00C04F79EFBC}") = "00010", "00010\00010.csproj", "{7CC7F9E8-E975-4D76-A364-919CCCA19D18}"
EndProject
Project("{FAE04EC0-301F-11D3-BF4B-00C04F79EFBC}") = "10011", "10011\10011.csproj", "{6E89BBA5-8529-4B28-960B-FEE0234E41EA}"
EndProject
Project("{FAE04EC0-301F-11D3-BF4B-00C04F79EFBC}") = "00012", "00012\00012.csproj", "{FDC7669A-74C2-4BD5-910D-D02B327FD9E4}"
EndProject
Project("{FAE04EC0-301F-11D3-BF4B-00C04F79EFBC}") = "00013", "00013\00013.csproj", "{6DB08D28-19B9-45B0-A6E2-36715C18D1F6}"
EndProject
Project("{FAE04EC0-301F-11D3-BF4B-00C04F79EFBC}") = "00014", "00014\00014.csproj", "{4AF92667-55EF-4EB5-8A7E-4C6879B1E5BD}"
EndProject
Project("{FAE04EC0-301F-11D3-BF4B-00C04F79EFBC}") = "10015", "10015\10015.csproj", "{C99E23DB-E6AA-4AEE-BFB0-7CFBD6F8B6FD}"
EndProject
Project("{FAE04EC0-301F-11D3-BF4B-00C04F79EFBC}") = "00016", "00016\00016.csproj", "{AF60D65E-04BE-4C6D-9429-67920D768E2C}"
EndProject
Project("{FAE04EC0-301F-11D3-BF4B-00C04F79EFBC}") = "00017", "00017\00017.csproj", "{01F96F2B-51CE-42D0-9ABA-73AA6B9F6D46}"
EndProject
Project("{FAE04EC0-301F-11D3-BF4B-00C04F79EFBC}") = "00018", "00018\00018.csproj", "{C72C1D7D-890D-4B10-A436-E9E7A5790371}"
EndProject
Global
	GlobalSection(SolutionConfigurationPlatforms) = preSolution
		Debug|Any CPU = Debug|Any CPU
		Debug|Mixed Platforms = Debug|Mixed Platforms
		Debug|x86 = Debug|x86
		Release|Any CPU = Release|Any CPU
		Release|Mixed Platforms = Release|Mixed Platforms
		Release|x86 = Release|x86
	EndGlobalSection
	GlobalSection(ProjectConfigurationPlatforms) = postSolution
		{8234C459-E464-432C-95B3-D7F2C8C8BC01}.Debug|Any CPU.ActiveCfg = Debug|x86
		{8234C459-E464-432C-95B3-D7F2C8C8BC01}.Debug|Mixed Platforms.ActiveCfg = Debug|x86
		{8234C459-E464-432C-95B3-D7F2C8C8BC01}.Debug|Mixed Platforms.Build.0 = Debug|x86
		{8234C459-E464-432C-95B3-D7F2C8C8BC01}.Debug|x86.ActiveCfg = Debug|x86
		{8234C459-E464-432C-95B3-D7F2C8C8BC01}.Debug|x86.Build.0 = Debug|x86
		{8234C459-E464-432C-95B3-D7F2C8C8BC01}.Release|Any CPU.ActiveCfg = Release|x86
		{8234C459-E464-432C-95B3-D7F2C8C8BC01}.Release|Mixed Platforms.ActiveCfg = Release|x86
		{8234C459-E464-432C-95B3-D7F2C8C8BC01}.Release|Mixed Platforms.Build.0 = Release|x86
		{8234C459-E464-432C-95B3-D7F2C8C8BC01}.Release|x86.ActiveCfg = Release|x86
		{8234C459-E464-432C-95B3-D7F2C8C8BC01}.Release|x86.Build.0 = Release|x86
		{5B8DA856-2103-41E8-BCF6-1D5F0C16D813}.Debug|Any CPU.ActiveCfg = Debug|x86
		{5B8DA856-2103-41E8-BCF6-1D5F0C16D813}.Debug|Mixed Platforms.ActiveCfg = Debug|x86
		{5B8DA856-2103-41E8-BCF6-1D5F0C16D813}.Debug|Mixed Platforms.Build.0 = Debug|x86
		{5B8DA856-2103-41E8-BCF6-1D5F0C16D813}.Debug|x86.ActiveCfg = Debug|x86
		{5B8DA856-2103-41E8-BCF6-1D5F0C16D813}.Debug|x86.Build.0 = Debug|x86
		{5B8DA856-2103-41E8-BCF6-1D5F0C16D813}.Release|Any CPU.ActiveCfg = Release|x86
		{5B8DA856-2103-41E8-BCF6-1D5F0C16D813}.Release|Mixed Platforms.ActiveCfg = Release|x86
		{5B8DA856-2103-41E8-BCF6-1D5F0C16D813}.Release|Mixed Platforms.Build.0 = Release|x86
		{5B8DA856-2103-41E8-BCF6-1D5F0C16D813}.Release|x86.ActiveCfg = Release|x86
		{5B8DA856-2103-41E8-BCF6-1D5F0C16D813}.Release|x86.Build.0 = Release|x86
		{CC9F29FE-0713-40FE-B406-C0FC462143EA}.Debug|Any CPU.ActiveCfg = Debug|x86
		{CC9F29FE-0713-40FE-B406-C0FC462143EA}.Debug|Mixed Platforms.ActiveCfg = Debug|x86
		{CC9F29FE-0713-40FE-B406-C0FC462143EA}.Debug|Mixed Platforms.Build.0 = Debug|x86
		{CC9F29FE-0713-40FE-B406-C0FC462143EA}.Debug|x86.ActiveCfg = Debug|x86
		{CC9F29FE-0713-40FE-B406-C0FC462143EA}.Debug|x86.Build.0 = Debug|x86
		{CC9F29FE-0713-40FE-B406-C0FC462143EA}.Release|Any CPU.ActiveCfg = Release|x86
		{CC9F29FE-0713-40FE-B406-C0FC462143EA}.Release|Mixed Platforms.ActiveCfg = Release|x86
		{CC9F29FE-0713-40FE-B406-C0FC462143EA}.Release|Mixed Platforms.Build.0 = Release|x86
		{CC9F29FE-0713-40FE-B406-C0FC462143EA}.Release|x86.ActiveCfg = Release|x86
		{CC9F29FE-0713-40FE-B406-C0FC462143EA}.Release|x86.Build.0 = Release|x86
		{5E0A15A3-1584-449A-9914-F2E3A5D3EA88}.Debug|Any CPU.ActiveCfg = Debug|x86
		{5E0A15A3-1584-449A-9914-F2E3A5D3EA88}.Debug|Mixed Platforms.ActiveCfg = Debug|x86
		{5E0A15A3-1584-449A-9914-F2E3A5D3EA88}.Debug|Mixed Platforms.Build.0 = Debug|x86
		{5E0A15A3-1584-449A-9914-F2E3A5D3EA88}.Debug|x86.ActiveCfg = Debug|x86
		{5E0A15A3-1584-449A-9914-F2E3A5D3EA88}.Debug|x86.Build.0 = Debug|x86
		{5E0A15A3-1584-449A-9914-F2E3A5D3EA88}.Release|Any CPU.ActiveCfg = Release|x86
		{5E0A15A3-1584-449A-9914-F2E3A5D3EA88}.Release|Mixed Platforms.ActiveCfg = Release|x86
		{5E0A15A3-1584-449A-9914-F2E3A5D3EA88}.Release|Mixed Platforms.Build.0 = Release|x86
		{5E0A15A3-1584-449A-9914-F2E3A5D3EA88}.Release|x86.ActiveCfg = Release|x86
		{5E0A15A3-1584-449A-9914-F2E3A5D3EA88}.Release|x86.Build.0 = Release|x86
		{B45C0FBF-521E-416E-A771-C1A8BB135C78}.Debug|Any CPU.ActiveCfg = Debug|x86
		{B45C0FBF-521E-416E-A771-C1A8BB135C78}.Debug|Mixed Platforms.ActiveCfg = Debug|x86
		{B45C0FBF-521E-416E-A771-C1A8BB135C78}.Debug|Mixed Platforms.Build.0 = Debug|x86
		{B45C0FBF-521E-416E-A771-C1A8BB135C78}.Debug|x86.ActiveCfg = Debug|x86
		{B45C0FBF-521E-416E-A771-C1A8BB135C78}.Debug|x86.Build.0 = Debug|x86
		{B45C0FBF-521E-416E-A771-C1A8BB135C78}.Release|Any CPU.ActiveCfg = Release|x86
		{B45C0FBF-521E-416E-A771-C1A8BB135C78}.Release|Mixed Platforms.ActiveCfg = Release|x86
		{B45C0FBF-521E-416E-A771-C1A8BB135C78}.Release|Mixed Platforms.Build.0 = Release|x86
		{B45C0FBF-521E-416E-A771-C1A8BB135C78}.Release|x86.ActiveCfg = Release|x86
		{B45C0FBF-521E-416E-A771-C1A8BB135C78}.Release|x86.Build.0 = Release|x86
		{BEE482CC-163D-419C-BE3D-BBEAD807109A}.Debug|Any CPU.ActiveCfg = Debug|x86
		{BEE482CC-163D-419C-BE3D-BBEAD807109A}.Debug|Mixed Platforms.ActiveCfg = Debug|x86
		{BEE482CC-163D-419C-BE3D-BBEAD807109A}.Debug|Mixed Platforms.Build.0 = Debug|x86
		{BEE482CC-163D-419C-BE3D-BBEAD807109A}.Debug|x86.ActiveCfg = Debug|x86
		{BEE482CC-163D-419C-BE3D-BBEAD807109A}.Debug|x86.Build.0 = Debug|x86
		{BEE482CC-163D-419C-BE3D-BBEAD807109A}.Release|Any CPU.ActiveCfg = Release|x86
		{BEE482CC-163D-419C-BE3D-BBEAD807109A}.Release|Mixed Platforms.ActiveCfg = Release|x86
		{BEE482CC-163D-419C-BE3D-BBEAD807109A}.Release|Mixed Platforms.Build.0 = Release|x86
		{BEE482CC-163D-419C-BE3D-BBEAD807109A}.Release|x86.ActiveCfg = Release|x86
		{BEE482CC-163D-419C-BE3D-BBEAD807109A}.Release|x86.Build.0 = Release|x86
		{2A443335-6DB2-487B-9E4A-17DF7132FC03}.Debug|Any CPU.ActiveCfg = Debug|x86
		{2A443335-6DB2-487B-9E4A-17DF7132FC03}.Debug|Mixed Platforms.ActiveCfg = Debug|x86
		{2A443335-6DB2-487B-9E4A-17DF7132FC03}.Debug|Mixed Platforms.Build.0 = Debug|x86
		{2A443335-6DB2-487B-9E4A-17DF7132FC03}.Debug|x86.ActiveCfg = Debug|x86
		{2A443335-6DB2-487B-9E4A-17DF7132FC03}.Debug|x86.Build.0 = Debug|x86
		{2A443335-6DB2-487B-9E4A-17DF7132FC03}.Release|Any CPU.ActiveCfg = Release|x86
		{2A443335-6DB2-487B-9E4A-17DF7132FC03}.Release|Mixed Platforms.ActiveCfg = Release|x86
		{2A443335-6DB2-487B-9E4A-17DF7132FC03}.Release|Mixed Platforms.Build.0 = Release|x86
		{2A443335-6DB2-487B-9E4A-17DF7132FC03}.Release|x86.ActiveCfg = Release|x86
		{2A443335-6DB2-487B-9E4A-17DF7132FC03}.Release|x86.Build.0 = Release|x86
		{044FAF8A-6D3F-47D0-9555-F519C1BA9889}.Debug|Any CPU.ActiveCfg = Debug|x86
		{044FAF8A-6D3F-47D0-9555-F519C1BA9889}.Debug|Mixed Platforms.ActiveCfg = Debug|x86
		{044FAF8A-6D3F-47D0-9555-F519C1BA9889}.Debug|Mixed Platforms.Build.0 = Debug|x86
		{044FAF8A-6D3F-47D0-9555-F519C1BA9889}.Debug|x86.ActiveCfg = Debug|x86
		{044FAF8A-6D3F-47D0-9555-F519C1BA9889}.Debug|x86.Build.0 = Debug|x86
		{044FAF8A-6D3F-47D0-9555-F519C1BA9889}.Release|Any CPU.ActiveCfg = Release|x86
		{044FAF8A-6D3F-47D0-9555-F519C1BA9889}.Release|Mixed Platforms.ActiveCfg = Release|x86
		{044FAF8A-6D3F-47D0-9555-F519C1BA9889}.Release|Mixed Platforms.Build.0 = Release|x86
		{044FAF8A-6D3F-47D0-9555-F519C1BA9889}.Release|x86.ActiveCfg = Release|x86
		{044FAF8A-6D3F-47D0-9555-F519C1BA9889}.Release|x86.Build.0 = Release|x86
		{948AE404-EA61-4E3F-9C2D-1258D6E24A77}.Debug|Any CPU.ActiveCfg = Debug|x86
		{948AE404-EA61-4E3F-9C2D-1258D6E24A77}.Debug|Mixed Platforms.ActiveCfg = Debug|x86
		{948AE404-EA61-4E3F-9C2D-1258D6E24A77}.Debug|Mixed Platforms.Build.0 = Debug|x86
		{948AE404-EA61-4E3F-9C2D-1258D6E24A77}.Debug|x86.ActiveCfg = Debug|x86
		{948AE404-EA61-4E3F-9C2D-1258D6E24A77}.Debug|x86.Build.0 = Debug|x86
		{948AE404-EA61-4E3F-9C2D-1258D6E24A77}.Release|Any CPU.ActiveCfg = Release|x86
		{948AE404-EA61-4E3F-9C2D-1258D6E24A77}.Release|Mixed Platforms.ActiveCfg = Release|x86
		{948AE404-EA61-4E3F-9C2D-1258D6E24A77}.Release|Mixed Platforms.Build.0 = Release|x86
		{948AE404-EA61-4E3F-9C2D-1258D6E24A77}.Release|x86.ActiveCfg = Release|x86
		{948AE404-EA61-4E3F-9C2D-1258D6E24A77}.Release|x86.Build.0 = Release|x86
		{7CC7F9E8-E975-4D76-A364-919CCCA19D18}.Debug|Any CPU.ActiveCfg = Debug|x86
		{7CC7F9E8-E975-4D76-A364-919CCCA19D18}.Debug|Mixed Platforms.ActiveCfg = Debug|x86
		{7CC7F9E8-E975-4D76-A364-919CCCA19D18}.Debug|Mixed Platforms.Build.0 = Debug|x86
		{7CC7F9E8-E975-4D76-A364-919CCCA19D18}.Debug|x86.ActiveCfg = Debug|x86
		{7CC7F9E8-E975-4D76-A364-919CCCA19D18}.Debug|x86.Build.0 = Debug|x86
		{7CC7F9E8-E975-4D76-A364-919CCCA19D18}.Release|Any CPU.ActiveCfg = Release|x86
		{7CC7F9E8-E975-4D76-A364-919CCCA19D18}.Release|Mixed Platforms.ActiveCfg = Release|x86
		{7CC7F9E8-E975-4D76-A364-919CCCA19D18}.Release|Mixed Platforms.Build.0 = Release|x86
		{7CC7F9E8-E975-4D76-A364-919CCCA19D18}.Release|x86.ActiveCfg = Release|x86
		{7CC7F9E8-E975-4D76-A364-919CCCA19D18}.Release|x86.Build.0 = Release|x86
		{6E89BBA5-8529-4B28-960B-FEE0234E41EA}.Debug|Any CPU.ActiveCfg = Debug|x86
		{6E89BBA5-8529-4B28-960B-FEE0234E41EA}.Debug|Mixed Platforms.ActiveCfg = Debug|x86
		{6E89BBA5-8529-4B28-960B-FEE0234E41EA}.Debug|Mixed Platforms.Build.0 = Debug|x86
		{6E89BBA5-8529-4B28-960B-FEE0234E41EA}.Debug|x86.ActiveCfg = Debug|x86
		{6E89BBA5-8529-4B28-960B-FEE0234E41EA}.Debug|x86.Build.0 = Debug|x86
		{6E89BBA5-8529-4B28-960B-FEE0234E41EA}.Release|Any CPU.ActiveCfg = Release|x86
		{6E89BBA5-8529-4B28-960B-FEE0234E41EA}.Release|Mixed Platforms.ActiveCfg = Release|x86
		{6E89BBA5-8529-4B28-960B-FEE0234E41EA}.Release|Mixed Platforms.Build.0 = Release|x86
		{6E89BBA5-8529-4B28-960B-FEE0234E41EA}.Release|x86.ActiveCfg = Release|x86
		{6E89BBA5-8529-4B28-960B-FEE0234E41EA}.Release|x86.Build.0 = Release|x86
		{FDC7669A-74C2-4BD5-910D-D02B327FD9E4}.Debug|Any CPU.ActiveCfg = Debug|x86
		{FDC7669A-74C2-4BD5-910D-D02B327FD9E4}.Debug|Mixed Platforms.ActiveCfg = Debug|x86
		{FDC7669A-74C2-4BD5-910D-D02B327FD9E4}.Debug|Mixed Platforms.Build.0 = Debug|x86
		{FDC7669A-74C2-4BD5-910D-D02B327FD9E4}.Debug|x86.ActiveCfg = Debug|x86
		{FDC7669A-74C2-4BD5-910D-D02B327FD9E4}.Debug|x86.Build.0 = Debug|x86
		{FDC7669A-74C2-4BD5-910D-D02B327FD9E4}.Release|Any CPU.ActiveCfg = Release|x86
		{FDC7669A-74C2-4BD5-910D-D02B327FD9E4}.Release|Mixed Platforms.ActiveCfg = Release|x86
		{FDC7669A-74C2-4BD5-910D-D02B327FD9E4}.Release|Mixed Platforms.Build.0 = Release|x86
		{FDC7669A-74C2-4BD5-910D-D02B327FD9E4}.Release|x86.ActiveCfg = Release|x86
		{FDC7669A-74C2-4BD5-910D-D02B327FD9E4}.Release|x86.Build.0 = Release|x86
		{6DB08D28-19B9-45B0-A6E2-36715C18D1F6}.Debug|Any CPU.ActiveCfg = Debug|x86
		{6DB08D28-19B9-45B0-A6E2-36715C18D1F6}.Debug|Mixed Platforms.ActiveCfg = Debug|x86
		{6DB08D28-19B9-45B0-A6E2-36715C18D1F6}.Debug|Mixed Platforms.Build.0 = Debug|x86
		{6DB08D28-19B9-45B0-A6E2-36715C18D1F6}.Debug|x86.ActiveCfg = Debug|x86
		{6DB08D28-19B9-45B0-A6E2-36715C18D1F6}.Debug|x86.Build.0 = Debug|x86
		{6DB08D28-19B9-45B0-A6E2-36715C18D1F6}.Release|Any CPU.ActiveCfg = Release|x86
		{6DB08D28-19B9-45B0-A6E2-36715C18D1F6}.Release|Mixed Platforms.ActiveCfg = Release|x86
		{6DB08D28-19B9-45B0-A6E2-36715C18D1F6}.Release|Mixed Platforms.Build.0 = Release|x86
		{6DB08D28-19B9-45B0-A6E2-36715C18D1F6}.Release|x86.ActiveCfg = Release|x86
		{6DB08D28-19B9-45B0-A6E2-36715C18D1F6}.Release|x86.Build.0 = Release|x86
		{4AF92667-55EF-4EB5-8A7E-4C6879B1E5BD}.Debug|Any CPU.ActiveCfg = Debug|x86
		{4AF92667-55EF-4EB5-8A7E-4C6879B1E5BD}.Debug|Mixed Platforms.ActiveCfg = Debug|x86
		{4AF92667-55EF-4EB5-8A7E-4C6879B1E5BD}.Debug|Mixed Platforms.Build.0 = Debug|x86
		{4AF92667-55EF-4EB5-8A7E-4C6879B1E5BD}.Debug|x86.ActiveCfg = Debug|x86
		{4AF92667-55EF-4EB5-8A7E-4C6879B1E5BD}.Debug|x86.Build.0 = Debug|x86
		{4AF92667-55EF-4EB5-8A7E-4C6879B1E5BD}.Release|Any CPU.ActiveCfg = Release|x86
		{4AF92667-55EF-4EB5-8A7E-4C6879B1E5BD}.Release|Mixed Platforms.ActiveCfg = Release|x86
		{4AF92667-55EF-4EB5-8A7E-4C6879B1E5BD}.Release|Mixed Platforms.Build.0 = Release|x86
		{4AF92667-55EF-4EB5-8A7E-4C6879B1E5BD}.Release|x86.ActiveCfg = Release|x86
		{4AF92667-55EF-4EB5-8A7E-4C6879B1E5BD}.Release|x86.Build.0 = Release|x86
		{C99E23DB-E6AA-4AEE-BFB0-7CFBD6F8B6FD}.Debug|Any CPU.ActiveCfg = Debug|Any CPU
		{C99E23DB-E6AA-4AEE-BFB0-7CFBD6F8B6FD}.Debug|Any CPU.Build.0 = Debug|Any CPU
		{C99E23DB-E6AA-4AEE-BFB0-7CFBD6F8B6FD}.Debug|Mixed Platforms.ActiveCfg = Debug|Any CPU
		{C99E23DB-E6AA-4AEE-BFB0-7CFBD6F8B6FD}.Debug|Mixed Platforms.Build.0 = Debug|Any CPU
		{C99E23DB-E6AA-4AEE-BFB0-7CFBD6F8B6FD}.Debug|x86.ActiveCfg = Debug|Any CPU
		{C99E23DB-E6AA-4AEE-BFB0-7CFBD6F8B6FD}.Release|Any CPU.ActiveCfg = Release|Any CPU
		{C99E23DB-E6AA-4AEE-BFB0-7CFBD6F8B6FD}.Release|Any CPU.Build.0 = Release|Any CPU
		{C99E23DB-E6AA-4AEE-BFB0-7CFBD6F8B6FD}.Release|Mixed Platforms.ActiveCfg = Release|Any CPU
		{C99E23DB-E6AA-4AEE-BFB0-7CFBD6F8B6FD}.Release|Mixed Platforms.Build.0 = Release|Any CPU
		{C99E23DB-E6AA-4AEE-BFB0-7CFBD6F8B6FD}.Release|x86.ActiveCfg = Release|Any CPU
		{AF60D65E-04BE-4C6D-9429-67920D768E2C}.Debug|Any CPU.ActiveCfg = Debug|Any CPU
		{AF60D65E-04BE-4C6D-9429-67920D768E2C}.Debug|Any CPU.Build.0 = Debug|Any CPU
		{AF60D65E-04BE-4C6D-9429-67920D768E2C}.Debug|Mixed Platforms.ActiveCfg = Debug|Any CPU
		{AF60D65E-04BE-4C6D-9429-67920D768E2C}.Debug|Mixed Platforms.Build.0 = Debug|Any CPU
		{AF60D65E-04BE-4C6D-9429-67920D768E2C}.Debug|x86.ActiveCfg = Debug|Any CPU
		{AF60D65E-04BE-4C6D-9429-67920D768E2C}.Release|Any CPU.ActiveCfg = Release|Any CPU
		{AF60D65E-04BE-4C6D-9429-67920D768E2C}.Release|Any CPU.Build.0 = Release|Any CPU
		{AF60D65E-04BE-4C6D-9429-67920D768E2C}.Release|Mixed Platforms.ActiveCfg = Release|Any CPU
		{AF60D65E-04BE-4C6D-9429-67920D768E2C}.Release|Mixed Platforms.Build.0 = Release|Any CPU
		{AF60D65E-04BE-4C6D-9429-67920D768E2C}.Release|x86.ActiveCfg = Release|Any CPU
		{01F96F2B-51CE-42D0-9ABA-73AA6B9F6D46}.Debug|Any CPU.ActiveCfg = Debug|Any CPU
		{01F96F2B-51CE-42D0-9ABA-73AA6B9F6D46}.Debug|Any CPU.Build.0 = Debug|Any CPU
		{01F96F2B-51CE-42D0-9ABA-73AA6B9F6D46}.Debug|Mixed Platforms.ActiveCfg = Debug|Any CPU
		{01F96F2B-51CE-42D0-9ABA-73AA6B9F6D46}.Debug|Mixed Platforms.Build.0 = Debug|Any CPU
		{01F96F2B-51CE-42D0-9ABA-73AA6B9F6D46}.Debug|x86.ActiveCfg = Debug|Any CPU
		{01F96F2B-51CE-42D0-9ABA-73AA6B9F6D46}.Release|Any CPU.ActiveCfg = Release|Any CPU
		{01F96F2B-51CE-42D0-9ABA-73AA6B9F6D46}.Release|Any CPU.Build.0 = Release|Any CPU
		{01F96F2B-51CE-42D0-9ABA-73AA6B9F6D46}.Release|Mixed Platforms.ActiveCfg = Release|Any CPU
		{01F96F2B-51CE-42D0-9ABA-73AA6B9F6D46}.Release|Mixed Platforms.Build.0 = Release|Any CPU
		{01F96F2B-51CE-42D0-9ABA-73AA6B9F6D46}.Release|x86.ActiveCfg = Release|Any CPU
		{C72C1D7D-890D-4B10-A436-E9E7A5790371}.Debug|Any CPU.ActiveCfg = Debug|Any CPU
		{C72C1D7D-890D-4B10-A436-E9E7A5790371}.Debug|Any CPU.Build.0 = Debug|Any CPU
		{C72C1D7D-890D-4B10-A436-E9E7A5790371}.Debug|Mixed Platforms.ActiveCfg = Debug|Any CPU
		{C72C1D7D-890D-4B10-A436-E9E7A5790371}.Debug|Mixed Platforms.Build.0 = Debug|Any CPU
		{C72C1D7D-890D-4B10-A436-E9E7A5790371}.Debug|x86.ActiveCfg = Debug|Any CPU
		{C72C1D7D-890D-4B10-A436-E9E7A5790371}.Release|Any CPU.ActiveCfg = Release|Any CPU
		{C72C1D7D-890D-4B10-A436-E9E7A5790371}.Release|Any CPU.Build.0 = Release|Any CPU
		{C72C1D7D-890D-4B10-A436-E9E7A5790371}.Release|Mixed Platforms.ActiveCfg = Release|Any CPU
		{C72C1D7D-890D-4B10-A436-E9E7A5790371}.Release|Mixed Platforms.Build.0 = Release|Any CPU
		{C72C1D7D-890D-4B10-A436-E9E7A5790371}.Release|x86.ActiveCfg = Release|Any CPU
	EndGlobalSection
	GlobalSection(SolutionProperties) = preSolution
		HideSolutionNode = FALSE
	EndGlobalSection
EndGlobal
